
Microsoft Visual Studio Solution File, Format Version 12.00
# Visual Studio 15
VisualStudioVersion = 15.0.27004.2006
MinimumVisualStudioVersion = 10.0.40219.1
Project("{FAE04EC0-301F-11D3-BF4B-00C04F79EFBC}") = "ShadowSplineTool", "ShadowSplineTool\ShadowSplineTool.csproj", "{5BF1186E-A3BF-440C-98BE-99AA7A3498A2}"
EndProject
Global
	GlobalSection(SolutionConfigurationPlatforms) = preSolution
		Debug|Any CPU = Debug|Any CPU
		Release|Any CPU = Release|Any CPU
	EndGlobalSection
	GlobalSection(ProjectConfigurationPlatforms) = postSolution
		{5BF1186E-A3BF-440C-98BE-99AA7A3498A2}.Debug|Any CPU.ActiveCfg = Debug|Any CPU
		{5BF1186E-A3BF-440C-98BE-99AA7A3498A2}.Debug|Any CPU.Build.0 = Debug|Any CPU
		{5BF1186E-A3BF-440C-98BE-99AA7A3498A2}.Release|Any CPU.ActiveCfg = Release|Any CPU
		{5BF1186E-A3BF-440C-98BE-99AA7A3498A2}.Release|Any CPU.Build.0 = Release|Any CPU
	EndGlobalSection
	GlobalSection(SolutionProperties) = preSolution
		HideSolutionNode = FALSE
	EndGlobalSection
	GlobalSection(ExtensibilityGlobals) = postSolution
		SolutionGuid = {A879C738-E067-4D31-93F3-E61E585A6453}
	EndGlobalSection
EndGlobal
